// !$*UTF8*$!
{
	archiveVersion = 1;
	classes = {
	};
	objectVersion = 46;
	objects = {

/* Begin PBXBuildFile section */
		81B3DB2E1ECAFBD90078A819 /* AppDelegate.m in Sources */ = {isa = PBXBuildFile; fileRef = 81B3DB201ECAFBD90078A819 /* AppDelegate.m */; };
		81B3DB2F1ECAFBD90078A819 /* Assets.xcassets in Resources */ = {isa = PBXBuildFile; fileRef = 81B3DB211ECAFBD90078A819 /* Assets.xcassets */; };
		81B3DB301ECAFBD90078A819 /* LaunchScreen.storyboard in Resources */ = {isa = PBXBuildFile; fileRef = 81B3DB221ECAFBD90078A819 /* LaunchScreen.storyboard */; };
		81B3DB311ECAFBD90078A819 /* Main.storyboard in Resources */ = {isa = PBXBuildFile; fileRef = 81B3DB241ECAFBD90078A819 /* Main.storyboard */; };
		81B3DB321ECAFBD90078A819 /* Info.plist in Resources */ = {isa = PBXBuildFile; fileRef = 81B3DB261ECAFBD90078A819 /* Info.plist */; };
		81B3DB331ECAFBD90078A819 /* main.m in Sources */ = {isa = PBXBuildFile; fileRef = 81B3DB271ECAFBD90078A819 /* main.m */; };
		81B3DB341ECAFBD90078A819 /* SFJStarView.bundle in Resources */ = {isa = PBXBuildFile; fileRef = 81B3DB291ECAFBD90078A819 /* SFJStarView.bundle */; };
		81B3DB351ECAFBD90078A819 /* SFJStarView.m in Sources */ = {isa = PBXBuildFile; fileRef = 81B3DB2B1ECAFBD90078A819 /* SFJStarView.m */; };
		81B3DB361ECAFBD90078A819 /* ViewController.m in Sources */ = {isa = PBXBuildFile; fileRef = 81B3DB2D1ECAFBD90078A819 /* ViewController.m */; };
/* End PBXBuildFile section */

/* Begin PBXContainerItemProxy section */
		8142B2A81EC9AB5000AD463C /* PBXContainerItemProxy */ = {
			isa = PBXContainerItemProxy;
			containerPortal = 8142B2861EC9AB5000AD463C /* Project object */;
			proxyType = 1;
			remoteGlobalIDString = 8142B28D1EC9AB5000AD463C;
			remoteInfo = SFJStartViewDemo;
		};
		8142B2B31EC9AB5000AD463C /* PBXContainerItemProxy */ = {
			isa = PBXContainerItemProxy;
			containerPortal = 8142B2861EC9AB5000AD463C /* Project object */;
			proxyType = 1;
			remoteGlobalIDString = 8142B28D1EC9AB5000AD463C;
			remoteInfo = SFJStartViewDemo;
		};
/* End PBXContainerItemProxy section */

/* Begin PBXFileReference section */
		8142B28E1EC9AB5000AD463C /* SFJStarViewDemo.app */ = {isa = PBXFileReference; explicitFileType = wrapper.application; includeInIndex = 0; path = SFJStarViewDemo.app; sourceTree = BUILT_PRODUCTS_DIR; };
		8142B2A71EC9AB5000AD463C /* SFJStarViewDemoTests.xctest */ = {isa = PBXFileReference; explicitFileType = wrapper.cfbundle; includeInIndex = 0; path = SFJStarViewDemoTests.xctest; sourceTree = BUILT_PRODUCTS_DIR; };
		8142B2B21EC9AB5000AD463C /* SFJStarViewDemoUITests.xctest */ = {isa = PBXFileReference; explicitFileType = wrapper.cfbundle; includeInIndex = 0; path = SFJStarViewDemoUITests.xctest; sourceTree = BUILT_PRODUCTS_DIR; };
		81B3DB1F1ECAFBD90078A819 /* AppDelegate.h */ = {isa = PBXFileReference; fileEncoding = 4; lastKnownFileType = sourcecode.c.h; path = AppDelegate.h; sourceTree = "<group>"; };
		81B3DB201ECAFBD90078A819 /* AppDelegate.m */ = {isa = PBXFileReference; fileEncoding = 4; lastKnownFileType = sourcecode.c.objc; path = AppDelegate.m; sourceTree = "<group>"; };
		81B3DB211ECAFBD90078A819 /* Assets.xcassets */ = {isa = PBXFileReference; lastKnownFileType = folder.assetcatalog; path = Assets.xcassets; sourceTree = "<group>"; };
		81B3DB231ECAFBD90078A819 /* Base */ = {isa = PBXFileReference; lastKnownFileType = file.storyboard; name = Base; path = Base.lproj/LaunchScreen.storyboard; sourceTree = "<group>"; };
		81B3DB251ECAFBD90078A819 /* Base */ = {isa = PBXFileReference; lastKnownFileType = file.storyboard; name = Base; path = Base.lproj/Main.storyboard; sourceTree = "<group>"; };
		81B3DB261ECAFBD90078A819 /* Info.plist */ = {isa = PBXFileReference; fileEncoding = 4; lastKnownFileType = text.plist.xml; path = Info.plist; sourceTree = "<group>"; };
		81B3DB271ECAFBD90078A819 /* main.m */ = {isa = PBXFileReference; fileEncoding = 4; lastKnownFileType = sourcecode.c.objc; path = main.m; sourceTree = "<group>"; };
		81B3DB291ECAFBD90078A819 /* SFJStarView.bundle */ = {isa = PBXFileReference; lastKnownFileType = "wrapper.plug-in"; path = SFJStarView.bundle; sourceTree = "<group>"; };
		81B3DB2A1ECAFBD90078A819 /* SFJStarView.h */ = {isa = PBXFileReference; fileEncoding = 4; lastKnownFileType = sourcecode.c.h; path = SFJStarView.h; sourceTree = "<group>"; };
		81B3DB2B1ECAFBD90078A819 /* SFJStarView.m */ = {isa = PBXFileReference; fileEncoding = 4; lastKnownFileType = sourcecode.c.objc; path = SFJStarView.m; sourceTree = "<group>"; };
		81B3DB2C1ECAFBD90078A819 /* ViewController.h */ = {isa = PBXFileReference; fileEncoding = 4; lastKnownFileType = sourcecode.c.h; path = ViewController.h; sourceTree = "<group>"; };
		81B3DB2D1ECAFBD90078A819 /* ViewController.m */ = {isa = PBXFileReference; fileEncoding = 4; lastKnownFileType = sourcecode.c.objc; path = ViewController.m; sourceTree = "<group>"; };
/* End PBXFileReference section */

/* Begin PBXFrameworksBuildPhase section */
		8142B28B1EC9AB5000AD463C /* Frameworks */ = {
			isa = PBXFrameworksBuildPhase;
			buildActionMask = 2147483647;
			files = (
			);
			runOnlyForDeploymentPostprocessing = 0;
		};
		8142B2A41EC9AB5000AD463C /* Frameworks */ = {
			isa = PBXFrameworksBuildPhase;
			buildActionMask = 2147483647;
			files = (
			);
			runOnlyForDeploymentPostprocessing = 0;
		};
		8142B2AF1EC9AB5000AD463C /* Frameworks */ = {
			isa = PBXFrameworksBuildPhase;
			buildActionMask = 2147483647;
			files = (
			);
			runOnlyForDeploymentPostprocessing = 0;
		};
/* End PBXFrameworksBuildPhase section */

/* Begin PBXGroup section */
		8142B2851EC9AB5000AD463C = {
			isa = PBXGroup;
			children = (
				81B3DB1E1ECAFBD90078A819 /* SFJStarViewDemo */,
				8142B28F1EC9AB5000AD463C /* Products */,
			);
			sourceTree = "<group>";
		};
		8142B28F1EC9AB5000AD463C /* Products */ = {
			isa = PBXGroup;
			children = (
				8142B28E1EC9AB5000AD463C /* SFJStarViewDemo.app */,
				8142B2A71EC9AB5000AD463C /* SFJStarViewDemoTests.xctest */,
				8142B2B21EC9AB5000AD463C /* SFJStarViewDemoUITests.xctest */,
			);
			name = Products;
			sourceTree = "<group>";
		};
		81B3DB1E1ECAFBD90078A819 /* SFJStarViewDemo */ = {
			isa = PBXGroup;
			children = (
				81B3DB1F1ECAFBD90078A819 /* AppDelegate.h */,
				81B3DB201ECAFBD90078A819 /* AppDelegate.m */,
				81B3DB211ECAFBD90078A819 /* Assets.xcassets */,
				81B3DB221ECAFBD90078A819 /* LaunchScreen.storyboard */,
				81B3DB241ECAFBD90078A819 /* Main.storyboard */,
				81B3DB261ECAFBD90078A819 /* Info.plist */,
				81B3DB271ECAFBD90078A819 /* main.m */,
				81B3DB281ECAFBD90078A819 /* SFJStarView */,
				81B3DB2C1ECAFBD90078A819 /* ViewController.h */,
				81B3DB2D1ECAFBD90078A819 /* ViewController.m */,
			);
			path = SFJStarViewDemo;
			sourceTree = "<group>";
		};
		81B3DB281ECAFBD90078A819 /* SFJStarView */ = {
			isa = PBXGroup;
			children = (
				81B3DB291ECAFBD90078A819 /* SFJStarView.bundle */,
				81B3DB2A1ECAFBD90078A819 /* SFJStarView.h */,
				81B3DB2B1ECAFBD90078A819 /* SFJStarView.m */,
			);
			path = SFJStarView;
			sourceTree = "<group>";
		};
/* End PBXGroup section */

/* Begin PBXNativeTarget section */
		8142B28D1EC9AB5000AD463C /* SFJStarViewDemo */ = {
			isa = PBXNativeTarget;
			buildConfigurationList = 8142B2BB1EC9AB5000AD463C /* Build configuration list for PBXNativeTarget "SFJStarViewDemo" */;
			buildPhases = (
				8142B28A1EC9AB5000AD463C /* Sources */,
				8142B28B1EC9AB5000AD463C /* Frameworks */,
				8142B28C1EC9AB5000AD463C /* Resources */,
			);
			buildRules = (
			);
			dependencies = (
			);
			name = SFJStarViewDemo;
			productName = SFJStartViewDemo;
			productReference = 8142B28E1EC9AB5000AD463C /* SFJStarViewDemo.app */;
			productType = "com.apple.product-type.application";
		};
		8142B2A61EC9AB5000AD463C /* SFJStarViewDemoTests */ = {
			isa = PBXNativeTarget;
			buildConfigurationList = 8142B2BE1EC9AB5000AD463C /* Build configuration list for PBXNativeTarget "SFJStarViewDemoTests" */;
			buildPhases = (
				8142B2A31EC9AB5000AD463C /* Sources */,
				8142B2A41EC9AB5000AD463C /* Frameworks */,
				8142B2A51EC9AB5000AD463C /* Resources */,
			);
			buildRules = (
			);
			dependencies = (
				8142B2A91EC9AB5000AD463C /* PBXTargetDependency */,
			);
			name = SFJStarViewDemoTests;
			productName = SFJStartViewDemoTests;
			productReference = 8142B2A71EC9AB5000AD463C /* SFJStarViewDemoTests.xctest */;
			productType = "com.apple.product-type.bundle.unit-test";
		};
		8142B2B11EC9AB5000AD463C /* SFJStarViewDemoUITests */ = {
			isa = PBXNativeTarget;
			buildConfigurationList = 8142B2C11EC9AB5000AD463C /* Build configuration list for PBXNativeTarget "SFJStarViewDemoUITests" */;
			buildPhases = (
				8142B2AE1EC9AB5000AD463C /* Sources */,
				8142B2AF1EC9AB5000AD463C /* Frameworks */,
				8142B2B01EC9AB5000AD463C /* Resources */,
			);
			buildRules = (
			);
			dependencies = (
				8142B2B41EC9AB5000AD463C /* PBXTargetDependency */,
			);
			name = SFJStarViewDemoUITests;
			productName = SFJStartViewDemoUITests;
			productReference = 8142B2B21EC9AB5000AD463C /* SFJStarViewDemoUITests.xctest */;
			productType = "com.apple.product-type.bundle.ui-testing";
		};
/* End PBXNativeTarget section */

/* Begin PBXProject section */
		8142B2861EC9AB5000AD463C /* Project object */ = {
			isa = PBXProject;
			attributes = {
				LastUpgradeCheck = 0830;
				ORGANIZATIONNAME = "沙缚柩";
				TargetAttributes = {
					8142B28D1EC9AB5000AD463C = {
						CreatedOnToolsVersion = 8.3.2;
						DevelopmentTeam = Q2Z69VY84R;
						ProvisioningStyle = Automatic;
					};
					8142B2A61EC9AB5000AD463C = {
						CreatedOnToolsVersion = 8.3.2;
						DevelopmentTeam = 84NY46NBXF;
						ProvisioningStyle = Automatic;
						TestTargetID = 8142B28D1EC9AB5000AD463C;
					};
					8142B2B11EC9AB5000AD463C = {
						CreatedOnToolsVersion = 8.3.2;
						DevelopmentTeam = 84NY46NBXF;
						ProvisioningStyle = Automatic;
						TestTargetID = 8142B28D1EC9AB5000AD463C;
					};
				};
			};
			buildConfigurationList = 8142B2891EC9AB5000AD463C /* Build configuration list for PBXProject "SFJStarViewDemo" */;
			compatibilityVersion = "Xcode 3.2";
			developmentRegion = English;
			hasScannedForEncodings = 0;
			knownRegions = (
				en,
				Base,
			);
			mainGroup = 8142B2851EC9AB5000AD463C;
			productRefGroup = 8142B28F1EC9AB5000AD463C /* Products */;
			projectDirPath = "";
			projectRoot = "";
			targets = (
				8142B28D1EC9AB5000AD463C /* SFJStarViewDemo */,
				8142B2A61EC9AB5000AD463C /* SFJStarViewDemoTests */,
				8142B2B11EC9AB5000AD463C /* SFJStarViewDemoUITests */,
			);
		};
/* End PBXProject section */

/* Begin PBXResourcesBuildPhase section */
		8142B28C1EC9AB5000AD463C /* Resources */ = {
			isa = PBXResourcesBuildPhase;
			buildActionMask = 2147483647;
			files = (
				81B3DB341ECAFBD90078A819 /* SFJStarView.bundle in Resources */,
				81B3DB321ECAFBD90078A819 /* Info.plist in Resources */,
				81B3DB311ECAFBD90078A819 /* Main.storyboard in Resources */,
				81B3DB2F1ECAFBD90078A819 /* Assets.xcassets in Resources */,
				81B3DB301ECAFBD90078A819 /* LaunchScreen.storyboard in Resources */,
			);
			runOnlyForDeploymentPostprocessing = 0;
		};
		8142B2A51EC9AB5000AD463C /* Resources */ = {
			isa = PBXResourcesBuildPhase;
			buildActionMask = 2147483647;
			files = (
			);
			runOnlyForDeploymentPostprocessing = 0;
		};
		8142B2B01EC9AB5000AD463C /* Resources */ = {
			isa = PBXResourcesBuildPhase;
			buildActionMask = 2147483647;
			files = (
			);
			runOnlyForDeploymentPostprocessing = 0;
		};
/* End PBXResourcesBuildPhase section */

/* Begin PBXSourcesBuildPhase section */
		8142B28A1EC9AB5000AD463C /* Sources */ = {
			isa = PBXSourcesBuildPhase;
			buildActionMask = 2147483647;
			files = (
				81B3DB331ECAFBD90078A819 /* main.m in Sources */,
				81B3DB351ECAFBD90078A819 /* SFJStarView.m in Sources */,
				81B3DB361ECAFBD90078A819 /* ViewController.m in Sources */,
				81B3DB2E1ECAFBD90078A819 /* AppDelegate.m in Sources */,
			);
			runOnlyForDeploymentPostprocessing = 0;
		};
		8142B2A31EC9AB5000AD463C /* Sources */ = {
			isa = PBXSourcesBuildPhase;
			buildActionMask = 2147483647;
			files = (
			);
			runOnlyForDeploymentPostprocessing = 0;
		};
		8142B2AE1EC9AB5000AD463C /* Sources */ = {
			isa = PBXSourcesBuildPhase;
			buildActionMask = 2147483647;
			files = (
			);
			runOnlyForDeploymentPostprocessing = 0;
		};
/* End PBXSourcesBuildPhase section */

/* Begin PBXTargetDependency section */
		8142B2A91EC9AB5000AD463C /* PBXTargetDependency */ = {
			isa = PBXTargetDependency;
			target = 8142B28D1EC9AB5000AD463C /* SFJStarViewDemo */;
			targetProxy = 8142B2A81EC9AB5000AD463C /* PBXContainerItemProxy */;
		};
		8142B2B41EC9AB5000AD463C /* PBXTargetDependency */ = {
			isa = PBXTargetDependency;
			target = 8142B28D1EC9AB5000AD463C /* SFJStarViewDemo */;
			targetProxy = 8142B2B31EC9AB5000AD463C /* PBXContainerItemProxy */;
		};
/* End PBXTargetDependency section */

/* Begin PBXVariantGroup section */
		81B3DB221ECAFBD90078A819 /* LaunchScreen.storyboard */ = {
			isa = PBXVariantGroup;
			children = (
				81B3DB231ECAFBD90078A819 /* Base */,
			);
			name = LaunchScreen.storyboard;
			sourceTree = "<group>";
		};
		81B3DB241ECAFBD90078A819 /* Main.storyboard */ = {
			isa = PBXVariantGroup;
			children = (
				81B3DB251ECAFBD90078A819 /* Base */,
			);
			name = Main.storyboard;
			sourceTree = "<group>";
		};
/* End PBXVariantGroup section */

/* Begin XCBuildConfiguration section */
		8142B2B91EC9AB5000AD463C /* Debug */ = {
			isa = XCBuildConfiguration;
			buildSettings = {
				ALWAYS_SEARCH_USER_PATHS = NO;
				CLANG_ANALYZER_NONNULL = YES;
				CLANG_ANALYZER_NUMBER_OBJECT_CONVERSION = YES_AGGRESSIVE;
				CLANG_CXX_LANGUAGE_STANDARD = "gnu++0x";
				CLANG_CXX_LIBRARY = "libc++";
				CLANG_ENABLE_MODULES = YES;
				CLANG_ENABLE_OBJC_ARC = YES;
				CLANG_WARN_BOOL_CONVERSION = YES;
				CLANG_WARN_CONSTANT_CONVERSION = YES;
				CLANG_WARN_DIRECT_OBJC_ISA_USAGE = YES_ERROR;
				CLANG_WARN_DOCUMENTATION_COMMENTS = YES;
				CLANG_WARN_EMPTY_BODY = YES;
				CLANG_WARN_ENUM_CONVERSION = YES;
				CLANG_WARN_INFINITE_RECURSION = YES;
				CLANG_WARN_INT_CONVERSION = YES;
				CLANG_WARN_OBJC_ROOT_CLASS = YES_ERROR;
				CLANG_WARN_SUSPICIOUS_MOVE = YES;
				CLANG_WARN_UNREACHABLE_CODE = YES;
				CLANG_WARN__DUPLICATE_METHOD_MATCH = YES;
				"CODE_SIGN_IDENTITY[sdk=iphoneos*]" = "iPhone Developer";
				COPY_PHASE_STRIP = NO;
				DEBUG_INFORMATION_FORMAT = dwarf;
				ENABLE_STRICT_OBJC_MSGSEND = YES;
				ENABLE_TESTABILITY = YES;
				GCC_C_LANGUAGE_STANDARD = gnu99;
				GCC_DYNAMIC_NO_PIC = NO;
				GCC_NO_COMMON_BLOCKS = YES;
				GCC_OPTIMIZATION_LEVEL = 0;
				GCC_PREPROCESSOR_DEFINITIONS = (
					"DEBUG=1",
					"$(inherited)",
				);
				GCC_WARN_64_TO_32_BIT_CONVERSION = YES;
				GCC_WARN_ABOUT_RETURN_TYPE = YES_ERROR;
				GCC_WARN_UNDECLARED_SELECTOR = YES;
				GCC_WARN_UNINITIALIZED_AUTOS = YES_AGGRESSIVE;
				GCC_WARN_UNUSED_FUNCTION = YES;
				GCC_WARN_UNUSED_VARIABLE = YES;
				IPHONEOS_DEPLOYMENT_TARGET = 10.3;
				MTL_ENABLE_DEBUG_INFO = YES;
				ONLY_ACTIVE_ARCH = YES;
				SDKROOT = iphoneos;
				TARGETED_DEVICE_FAMILY = "1,2";
			};
			name = Debug;
		};
		8142B2BA1EC9AB5000AD463C /* Release */ = {
			isa = XCBuildConfiguration;
			buildSettings = {
				ALWAYS_SEARCH_USER_PATHS = NO;
				CLANG_ANALYZER_NONNULL = YES;
				CLANG_ANALYZER_NUMBER_OBJECT_CONVERSION = YES_AGGRESSIVE;
				CLANG_CXX_LANGUAGE_STANDARD = "gnu++0x";
				CLANG_CXX_LIBRARY = "libc++";
				CLANG_ENABLE_MODULES = YES;
				CLANG_ENABLE_OBJC_ARC = YES;
				CLANG_WARN_BOOL_CONVERSION = YES;
				CLANG_WARN_CONSTANT_CONVERSION = YES;
				CLANG_WARN_DIRECT_OBJC_ISA_USAGE = YES_ERROR;
				CLANG_WARN_DOCUMENTATION_COMMENTS = YES;
				CLANG_WARN_EMPTY_BODY = YES;
				CLANG_WARN_ENUM_CONVERSION = YES;
				CLANG_WARN_INFINITE_RECURSION = YES;
				CLANG_WARN_INT_CONVERSION = YES;
				CLANG_WARN_OBJC_ROOT_CLASS = YES_ERROR;
				CLANG_WARN_SUSPICIOUS_MOVE = YES;
				CLANG_WARN_UNREACHABLE_CODE = YES;
				CLANG_WARN__DUPLICATE_METHOD_MATCH = YES;
				"CODE_SIGN_IDENTITY[sdk=iphoneos*]" = "iPhone Developer";
				COPY_PHASE_STRIP = NO;
				DEBUG_INFORMATION_FORMAT = "dwarf-with-dsym";
				ENABLE_NS_ASSERTIONS = NO;
				ENABLE_STRICT_OBJC_MSGSEND = YES;
				GCC_C_LANGUAGE_STANDARD = gnu99;
				GCC_NO_COMMON_BLOCKS = YES;
				GCC_WARN_64_TO_32_BIT_CONVERSION = YES;
				GCC_WARN_ABOUT_RETURN_TYPE = YES_ERROR;
				GCC_WARN_UNDECLARED_SELECTOR = YES;
				GCC_WARN_UNINITIALIZED_AUTOS = YES_AGGRESSIVE;
				GCC_WARN_UNUSED_FUNCTION = YES;
				GCC_WARN_UNUSED_VARIABLE = YES;
				IPHONEOS_DEPLOYMENT_TARGET = 10.3;
				MTL_ENABLE_DEBUG_INFO = NO;
				SDKROOT = iphoneos;
				TARGETED_DEVICE_FAMILY = "1,2";
				VALIDATE_PRODUCT = YES;
			};
			name = Release;
		};
		8142B2BC1EC9AB5000AD463C /* Debug */ = {
			isa = XCBuildConfiguration;
			buildSettings = {
				ASSETCATALOG_COMPILER_APPICON_NAME = AppIcon;
				DEVELOPMENT_TEAM = Q2Z69VY84R;
				INFOPLIST_FILE = SFJStarViewDemo/Info.plist;
				LD_RUNPATH_SEARCH_PATHS = "$(inherited) @executable_path/Frameworks";
				PRODUCT_BUNDLE_IDENTIFIER = com.shafujiu.SFJStarViewDemo;
				PRODUCT_NAME = "$(TARGET_NAME)";
			};
			name = Debug;
		};
		8142B2BD1EC9AB5000AD463C /* Release */ = {
			isa = XCBuildConfiguration;
			buildSettings = {
				ASSETCATALOG_COMPILER_APPICON_NAME = AppIcon;
				DEVELOPMENT_TEAM = Q2Z69VY84R;
				INFOPLIST_FILE = SFJStarViewDemo/Info.plist;
				LD_RUNPATH_SEARCH_PATHS = "$(inherited) @executable_path/Frameworks";
				PRODUCT_BUNDLE_IDENTIFIER = com.shafujiu.SFJStarViewDemo;
				PRODUCT_NAME = "$(TARGET_NAME)";
			};
			name = Release;
		};
		8142B2BF1EC9AB5000AD463C /* Debug */ = {
			isa = XCBuildConfiguration;
			buildSettings = {
				BUNDLE_LOADER = "$(TEST_HOST)";
				DEVELOPMENT_TEAM = 84NY46NBXF;
				INFOPLIST_FILE = SFJStartViewDemoTests/Info.plist;
				LD_RUNPATH_SEARCH_PATHS = "$(inherited) @executable_path/Frameworks @loader_path/Frameworks";
				PRODUCT_BUNDLE_IDENTIFIER = com.shafujiu.SFJStartViewDemoTests;
				PRODUCT_NAME = "$(TARGET_NAME)";
				TEST_HOST = "$(BUILT_PRODUCTS_DIR)/SFJStarViewDemo.app/SFJStarViewDemo";
			};
			name = Debug;
		};
		8142B2C01EC9AB5000AD463C /* Release */ = {
			isa = XCBuildConfiguration;
			buildSettings = {
				BUNDLE_LOADER = "$(TEST_HOST)";
				DEVELOPMENT_TEAM = 84NY46NBXF;
				INFOPLIST_FILE = SFJStartViewDemoTests/Info.plist;
				LD_RUNPATH_SEARCH_PATHS = "$(inherited) @executable_path/Frameworks @loader_path/Frameworks";
				PRODUCT_BUNDLE_IDENTIFIER = com.shafujiu.SFJStartViewDemoTests;
				PRODUCT_NAME = "$(TARGET_NAME)";
				TEST_HOST = "$(BUILT_PRODUCTS_DIR)/SFJStarViewDemo.app/SFJStarViewDemo";
			};
			name = Release;
		};
		8142B2C21EC9AB5000AD463C /* Debug */ = {
			isa = XCBuildConfiguration;
			buildSettings = {
				DEVELOPMENT_TEAM = 84NY46NBXF;
				INFOPLIST_FILE = SFJStartViewDemoUITests/Info.plist;
				LD_RUNPATH_SEARCH_PATHS = "$(inherited) @executable_path/Frameworks @loader_path/Frameworks";
				PRODUCT_BUNDLE_IDENTIFIER = com.shafujiu.SFJStartViewDemoUITests;
				PRODUCT_NAME = "$(TARGET_NAME)";
				TEST_TARGET_NAME = SFJStartViewDemo;
			};
			name = Debug;
		};
		8142B2C31EC9AB5000AD463C /* Release */ = {
			isa = XCBuildConfiguration;
			buildSettings = {
				DEVELOPMENT_TEAM = 84NY46NBXF;
				INFOPLIST_FILE = SFJStartViewDemoUITests/Info.plist;
				LD_RUNPATH_SEARCH_PATHS = "$(inherited) @executable_path/Frameworks @loader_path/Frameworks";
				PRODUCT_BUNDLE_IDENTIFIER = com.shafujiu.SFJStartViewDemoUITests;
				PRODUCT_NAME = "$(TARGET_NAME)";
				TEST_TARGET_NAME = SFJStartViewDemo;
			};
			name = Release;
		};
/* End XCBuildConfiguration section */

/* Begin XCConfigurationList section */
		8142B2891EC9AB5000AD463C /* Build configuration list for PBXProject "SFJStarViewDemo" */ = {
			isa = XCConfigurationList;
			buildConfigurations = (
				8142B2B91EC9AB5000AD463C /* Debug */,
				8142B2BA1EC9AB5000AD463C /* Release */,
			);
			defaultConfigurationIsVisible = 0;
			defaultConfigurationName = Release;
		};
		8142B2BB1EC9AB5000AD463C /* Build configuration list for PBXNativeTarget "SFJStarViewDemo" */ = {
			isa = XCConfigurationList;
			buildConfigurations = (
				8142B2BC1EC9AB5000AD463C /* Debug */,
				8142B2BD1EC9AB5000AD463C /* Release */,
			);
			defaultConfigurationIsVisible = 0;
			defaultConfigurationName = Release;
		};
		8142B2BE1EC9AB5000AD463C /* Build configuration list for PBXNativeTarget "SFJStarViewDemoTests" */ = {
			isa = XCConfigurationList;
			buildConfigurations = (
				8142B2BF1EC9AB5000AD463C /* Debug */,
				8142B2C01EC9AB5000AD463C /* Release */,
			);
			defaultConfigurationIsVisible = 0;
			defaultConfigurationName = Release;
		};
		8142B2C11EC9AB5000AD463C /* Build configuration list for PBXNativeTarget "SFJStarViewDemoUITests" */ = {
			isa = XCConfigurationList;
			buildConfigurations = (
				8142B2C21EC9AB5000AD463C /* Debug */,
				8142B2C31EC9AB5000AD463C /* Release */,
			);
			defaultConfigurationIsVisible = 0;
			defaultConfigurationName = Release;
		};
/* End XCConfigurationList section */
	};
	rootObject = 8142B2861EC9AB5000AD463C /* Project object */;
}
